// !$*UTF8*$!
{
	archiveVersion = 1;
	classes = {
	};
	objectVersion = 46;
	objects = {

/* Begin PBXBuildFile section */
		7A0F92CB1A6273240046859E /* AppDelegate.swift in Sources */ = {isa = PBXBuildFile; fileRef = 7A0F92CA1A6273240046859E /* AppDelegate.swift */; };
		7A0F92CD1A6273240046859E /* ViewController.swift in Sources */ = {isa = PBXBuildFile; fileRef = 7A0F92CC1A6273240046859E /* ViewController.swift */; };
		7A0F92D01A6273240046859E /* Main.storyboard in Resources */ = {isa = PBXBuildFile; fileRef = 7A0F92CE1A6273240046859E /* Main.storyboard */; };
		7A0F92D21A6273240046859E /* Images.xcassets in Resources */ = {isa = PBXBuildFile; fileRef = 7A0F92D11A6273240046859E /* Images.xcassets */; };
		7A0F92D51A6273240046859E /* LaunchScreen.xib in Resources */ = {isa = PBXBuildFile; fileRef = 7A0F92D31A6273240046859E /* LaunchScreen.xib */; };
		7A0F92E11A6273240046859E /* ARNModalTransitionTests.swift in Sources */ = {isa = PBXBuildFile; fileRef = 7A0F92E01A6273240046859E /* ARNModalTransitionTests.swift */; };
		7A6822D31A6A46DD002F8252 /* ModalViewController.swift in Sources */ = {isa = PBXBuildFile; fileRef = 7A6822D21A6A46DD002F8252 /* ModalViewController.swift */; };
		917D483E1B796FB60093BD7E /* ARNModalTransitonAnimator.swift in Sources */ = {isa = PBXBuildFile; fileRef = 917D483D1B796FB60093BD7E /* ARNModalTransitonAnimator.swift */; };
		917D48401B7970F00093BD7E /* ARNTransitionAnimator.swift in Sources */ = {isa = PBXBuildFile; fileRef = 917D483F1B7970F00093BD7E /* ARNTransitionAnimator.swift */; };
/* End PBXBuildFile section */

/* Begin PBXContainerItemProxy section */
		7A0F92DB1A6273240046859E /* PBXContainerItemProxy */ = {
			isa = PBXContainerItemProxy;
			containerPortal = 7A0F92BD1A6273230046859E /* Project object */;
			proxyType = 1;
			remoteGlobalIDString = 7A0F92C41A6273230046859E;
			remoteInfo = ARNModalTransition;
		};
/* End PBXContainerItemProxy section */

/* Begin PBXFileReference section */
		7A0F92C51A6273230046859E /* ARNModalTransition.app */ = {isa = PBXFileReference; explicitFileType = wrapper.application; includeInIndex = 0; path = ARNModalTransition.app; sourceTree = BUILT_PRODUCTS_DIR; };
		7A0F92C91A6273240046859E /* Info.plist */ = {isa = PBXFileReference; lastKnownFileType = text.plist.xml; path = Info.plist; sourceTree = "<group>"; };
		7A0F92CA1A6273240046859E /* AppDelegate.swift */ = {isa = PBXFileReference; lastKnownFileType = sourcecode.swift; path = AppDelegate.swift; sourceTree = "<group>"; };
		7A0F92CC1A6273240046859E /* ViewController.swift */ = {isa = PBXFileReference; lastKnownFileType = sourcecode.swift; path = ViewController.swift; sourceTree = "<group>"; };
		7A0F92CF1A6273240046859E /* Base */ = {isa = PBXFileReference; lastKnownFileType = file.storyboard; name = Base; path = Base.lproj/Main.storyboard; sourceTree = "<group>"; };
		7A0F92D11A6273240046859E /* Images.xcassets */ = {isa = PBXFileReference; lastKnownFileType = folder.assetcatalog; path = Images.xcassets; sourceTree = "<group>"; };
		7A0F92D41A6273240046859E /* Base */ = {isa = PBXFileReference; lastKnownFileType = file.xib; name = Base; path = Base.lproj/LaunchScreen.xib; sourceTree = "<group>"; };
		7A0F92DA1A6273240046859E /* ARNModalTransitionTests.xctest */ = {isa = PBXFileReference; explicitFileType = wrapper.cfbundle; includeInIndex = 0; path = ARNModalTransitionTests.xctest; sourceTree = BUILT_PRODUCTS_DIR; };
		7A0F92DF1A6273240046859E /* Info.plist */ = {isa = PBXFileReference; lastKnownFileType = text.plist.xml; path = Info.plist; sourceTree = "<group>"; };
		7A0F92E01A6273240046859E /* ARNModalTransitionTests.swift */ = {isa = PBXFileReference; lastKnownFileType = sourcecode.swift; path = ARNModalTransitionTests.swift; sourceTree = "<group>"; };
		7A6822D21A6A46DD002F8252 /* ModalViewController.swift */ = {isa = PBXFileReference; fileEncoding = 4; lastKnownFileType = sourcecode.swift; path = ModalViewController.swift; sourceTree = "<group>"; };
		917D483D1B796FB60093BD7E /* ARNModalTransitonAnimator.swift */ = {isa = PBXFileReference; fileEncoding = 4; lastKnownFileType = sourcecode.swift; name = ARNModalTransitonAnimator.swift; path = ARNModalTransition/ARNModalTransitonAnimator.swift; sourceTree = SOURCE_ROOT; };
		917D483F1B7970F00093BD7E /* ARNTransitionAnimator.swift */ = {isa = PBXFileReference; fileEncoding = 4; lastKnownFileType = sourcecode.swift; name = ARNTransitionAnimator.swift; path = ../../ARNInteractiveTransition/ARNInteractiveTransition/ARNTransitionAnimator.swift; sourceTree = "<group>"; };
/* End PBXFileReference section */

/* Begin PBXFrameworksBuildPhase section */
		7A0F92C21A6273230046859E /* Frameworks */ = {
			isa = PBXFrameworksBuildPhase;
			buildActionMask = 2147483647;
			files = (
			);
			runOnlyForDeploymentPostprocessing = 0;
		};
		7A0F92D71A6273240046859E /* Frameworks */ = {
			isa = PBXFrameworksBuildPhase;
			buildActionMask = 2147483647;
			files = (
			);
			runOnlyForDeploymentPostprocessing = 0;
		};
/* End PBXFrameworksBuildPhase section */

/* Begin PBXGroup section */
		5647879F1A655334004CC9CF /* Lib */ = {
			isa = PBXGroup;
			children = (
				917D483F1B7970F00093BD7E /* ARNTransitionAnimator.swift */,
				917D483D1B796FB60093BD7E /* ARNModalTransitonAnimator.swift */,
			);
			name = Lib;
			path = ../../Lib;
			sourceTree = "<group>";
		};
		7A0F92BC1A6273230046859E = {
			isa = PBXGroup;
			children = (
				7A0F92C71A6273230046859E /* ARNModalTransition */,
				7A0F92DD1A6273240046859E /* ARNModalTransitionTests */,
				7A0F92C61A6273230046859E /* Products */,
			);
			sourceTree = "<group>";
		};
		7A0F92C61A6273230046859E /* Products */ = {
			isa = PBXGroup;
			children = (
				7A0F92C51A6273230046859E /* ARNModalTransition.app */,
				7A0F92DA1A6273240046859E /* ARNModalTransitionTests.xctest */,
			);
			name = Products;
			sourceTree = "<group>";
		};
		7A0F92C71A6273230046859E /* ARNModalTransition */ = {
			isa = PBXGroup;
			children = (
				5647879F1A655334004CC9CF /* Lib */,
				7A0F92CA1A6273240046859E /* AppDelegate.swift */,
				7A0F92CC1A6273240046859E /* ViewController.swift */,
				7A6822D21A6A46DD002F8252 /* ModalViewController.swift */,
				7A0F92CE1A6273240046859E /* Main.storyboard */,
				7A0F92D11A6273240046859E /* Images.xcassets */,
				7A0F92D31A6273240046859E /* LaunchScreen.xib */,
				7A0F92C81A6273240046859E /* Supporting Files */,
			);
			path = ARNModalTransition;
			sourceTree = "<group>";
		};
		7A0F92C81A6273240046859E /* Supporting Files */ = {
			isa = PBXGroup;
			children = (
				7A0F92C91A6273240046859E /* Info.plist */,
			);
			name = "Supporting Files";
			sourceTree = "<group>";
		};
		7A0F92DD1A6273240046859E /* ARNModalTransitionTests */ = {
			isa = PBXGroup;
			children = (
				7A0F92E01A6273240046859E /* ARNModalTransitionTests.swift */,
				7A0F92DE1A6273240046859E /* Supporting Files */,
			);
			path = ARNModalTransitionTests;
			sourceTree = "<group>";
		};
		7A0F92DE1A6273240046859E /* Supporting Files */ = {
			isa = PBXGroup;
			children = (
				7A0F92DF1A6273240046859E /* Info.plist */,
			);
			name = "Supporting Files";
			sourceTree = "<group>";
		};
/* End PBXGroup section */

/* Begin PBXNativeTarget section */
		7A0F92C41A6273230046859E /* ARNModalTransition */ = {
			isa = PBXNativeTarget;
			buildConfigurationList = 7A0F92E41A6273240046859E /* Build configuration list for PBXNativeTarget "ARNModalTransition" */;
			buildPhases = (
				7A0F92C11A6273230046859E /* Sources */,
				7A0F92C21A6273230046859E /* Frameworks */,
				7A0F92C31A6273230046859E /* Resources */,
			);
			buildRules = (
			);
			dependencies = (
			);
			name = ARNModalTransition;
			productName = ARNModalTransition;
			productReference = 7A0F92C51A6273230046859E /* ARNModalTransition.app */;
			productType = "com.apple.product-type.application";
		};
		7A0F92D91A6273240046859E /* ARNModalTransitionTests */ = {
			isa = PBXNativeTarget;
			buildConfigurationList = 7A0F92E71A6273240046859E /* Build configuration list for PBXNativeTarget "ARNModalTransitionTests" */;
			buildPhases = (
				7A0F92D61A6273240046859E /* Sources */,
				7A0F92D71A6273240046859E /* Frameworks */,
				7A0F92D81A6273240046859E /* Resources */,
			);
			buildRules = (
			);
			dependencies = (
				7A0F92DC1A6273240046859E /* PBXTargetDependency */,
			);
			name = ARNModalTransitionTests;
			productName = ARNModalTransitionTests;
			productReference = 7A0F92DA1A6273240046859E /* ARNModalTransitionTests.xctest */;
			productType = "com.apple.product-type.bundle.unit-test";
		};
/* End PBXNativeTarget section */

/* Begin PBXProject section */
		7A0F92BD1A6273230046859E /* Project object */ = {
			isa = PBXProject;
			attributes = {
				LastUpgradeCheck = 0610;
				ORGANIZATIONNAME = Airin;
				TargetAttributes = {
					7A0F92C41A6273230046859E = {
						CreatedOnToolsVersion = 6.1.1;
					};
					7A0F92D91A6273240046859E = {
						CreatedOnToolsVersion = 6.1.1;
						TestTargetID = 7A0F92C41A6273230046859E;
					};
				};
			};
			buildConfigurationList = 7A0F92C01A6273230046859E /* Build configuration list for PBXProject "ARNModalTransition" */;
			compatibilityVersion = "Xcode 3.2";
			developmentRegion = English;
			hasScannedForEncodings = 0;
			knownRegions = (
				en,
				Base,
			);
			mainGroup = 7A0F92BC1A6273230046859E;
			productRefGroup = 7A0F92C61A6273230046859E /* Products */;
			projectDirPath = "";
			projectRoot = "";
			targets = (
				7A0F92C41A6273230046859E /* ARNModalTransition */,
				7A0F92D91A6273240046859E /* ARNModalTransitionTests */,
			);
		};
/* End PBXProject section */

/* Begin PBXResourcesBuildPhase section */
		7A0F92C31A6273230046859E /* Resources */ = {
			isa = PBXResourcesBuildPhase;
			buildActionMask = 2147483647;
			files = (
				7A0F92D01A6273240046859E /* Main.storyboard in Resources */,
				7A0F92D51A6273240046859E /* LaunchScreen.xib in Resources */,
				7A0F92D21A6273240046859E /* Images.xcassets in Resources */,
			);
			runOnlyForDeploymentPostprocessing = 0;
		};
		7A0F92D81A6273240046859E /* Resources */ = {
			isa = PBXResourcesBuildPhase;
			buildActionMask = 2147483647;
			files = (
			);
			runOnlyForDeploymentPostprocessing = 0;
		};
/* End PBXResourcesBuildPhase section */

/* Begin PBXSourcesBuildPhase section */
		7A0F92C11A6273230046859E /* Sources */ = {
			isa = PBXSourcesBuildPhase;
			buildActionMask = 2147483647;
			files = (
				7A6822D31A6A46DD002F8252 /* ModalViewController.swift in Sources */,
				917D483E1B796FB60093BD7E /* ARNModalTransitonAnimator.swift in Sources */,
				7A0F92CD1A6273240046859E /* ViewController.swift in Sources */,
				917D48401B7970F00093BD7E /* ARNTransitionAnimator.swift in Sources */,
				7A0F92CB1A6273240046859E /* AppDelegate.swift in Sources */,
			);
			runOnlyForDeploymentPostprocessing = 0;
		};
		7A0F92D61A6273240046859E /* Sources */ = {
			isa = PBXSourcesBuildPhase;
			buildActionMask = 2147483647;
			files = (
				7A0F92E11A6273240046859E /* ARNModalTransitionTests.swift in Sources */,
			);
			runOnlyForDeploymentPostprocessing = 0;
		};
/* End PBXSourcesBuildPhase section */

/* Begin PBXTargetDependency section */
		7A0F92DC1A6273240046859E /* PBXTargetDependency */ = {
			isa = PBXTargetDependency;
			target = 7A0F92C41A6273230046859E /* ARNModalTransition */;
			targetProxy = 7A0F92DB1A6273240046859E /* PBXContainerItemProxy */;
		};
/* End PBXTargetDependency section */

/* Begin PBXVariantGroup section */
		7A0F92CE1A6273240046859E /* Main.storyboard */ = {
			isa = PBXVariantGroup;
			children = (
				7A0F92CF1A6273240046859E /* Base */,
			);
			name = Main.storyboard;
			sourceTree = "<group>";
		};
		7A0F92D31A6273240046859E /* LaunchScreen.xib */ = {
			isa = PBXVariantGroup;
			children = (
				7A0F92D41A6273240046859E /* Base */,
			);
			name = LaunchScreen.xib;
			sourceTree = "<group>";
		};
/* End PBXVariantGroup section */

/* Begin XCBuildConfiguration section */
		7A0F92E21A6273240046859E /* Debug */ = {
			isa = XCBuildConfiguration;
			buildSettings = {
				ALWAYS_SEARCH_USER_PATHS = NO;
				CLANG_CXX_LANGUAGE_STANDARD = "gnu++0x";
				CLANG_CXX_LIBRARY = "libc++";
				CLANG_ENABLE_MODULES = YES;
				CLANG_ENABLE_OBJC_ARC = YES;
				CLANG_WARN_BOOL_CONVERSION = YES;
				CLANG_WARN_CONSTANT_CONVERSION = YES;
				CLANG_WARN_DIRECT_OBJC_ISA_USAGE = YES_ERROR;
				CLANG_WARN_EMPTY_BODY = YES;
				CLANG_WARN_ENUM_CONVERSION = YES;
				CLANG_WARN_INT_CONVERSION = YES;
				CLANG_WARN_OBJC_ROOT_CLASS = YES_ERROR;
				CLANG_WARN_UNREACHABLE_CODE = YES;
				CLANG_WARN__DUPLICATE_METHOD_MATCH = YES;
				"CODE_SIGN_IDENTITY[sdk=iphoneos*]" = "iPhone Developer";
				COPY_PHASE_STRIP = NO;
				ENABLE_STRICT_OBJC_MSGSEND = YES;
				GCC_C_LANGUAGE_STANDARD = gnu99;
				GCC_DYNAMIC_NO_PIC = NO;
				GCC_OPTIMIZATION_LEVEL = 0;
				GCC_PREPROCESSOR_DEFINITIONS = (
					"DEBUG=1",
					"$(inherited)",
				);
				GCC_SYMBOLS_PRIVATE_EXTERN = NO;
				GCC_WARN_64_TO_32_BIT_CONVERSION = YES;
				GCC_WARN_ABOUT_RETURN_TYPE = YES_ERROR;
				GCC_WARN_UNDECLARED_SELECTOR = YES;
				GCC_WARN_UNINITIALIZED_AUTOS = YES_AGGRESSIVE;
				GCC_WARN_UNUSED_FUNCTION = YES;
				GCC_WARN_UNUSED_VARIABLE = YES;
				IPHONEOS_DEPLOYMENT_TARGET = 7.1;
				MTL_ENABLE_DEBUG_INFO = YES;
				ONLY_ACTIVE_ARCH = YES;
				SDKROOT = iphoneos;
				SWIFT_OPTIMIZATION_LEVEL = "-Onone";
			};
			name = Debug;
		};
		7A0F92E31A6273240046859E /* Release */ = {
			isa = XCBuildConfiguration;
			buildSettings = {
				ALWAYS_SEARCH_USER_PATHS = NO;
				CLANG_CXX_LANGUAGE_STANDARD = "gnu++0x";
				CLANG_CXX_LIBRARY = "libc++";
				CLANG_ENABLE_MODULES = YES;
				CLANG_ENABLE_OBJC_ARC = YES;
				CLANG_WARN_BOOL_CONVERSION = YES;
				CLANG_WARN_CONSTANT_CONVERSION = YES;
				CLANG_WARN_DIRECT_OBJC_ISA_USAGE = YES_ERROR;
				CLANG_WARN_EMPTY_BODY = YES;
				CLANG_WARN_ENUM_CONVERSION = YES;
				CLANG_WARN_INT_CONVERSION = YES;
				CLANG_WARN_OBJC_ROOT_CLASS = YES_ERROR;
				CLANG_WARN_UNREACHABLE_CODE = YES;
				CLANG_WARN__DUPLICATE_METHOD_MATCH = YES;
				"CODE_SIGN_IDENTITY[sdk=iphoneos*]" = "iPhone Developer";
				COPY_PHASE_STRIP = YES;
				ENABLE_NS_ASSERTIONS = NO;
				ENABLE_STRICT_OBJC_MSGSEND = YES;
				GCC_C_LANGUAGE_STANDARD = gnu99;
				GCC_WARN_64_TO_32_BIT_CONVERSION = YES;
				GCC_WARN_ABOUT_RETURN_TYPE = YES_ERROR;
				GCC_WARN_UNDECLARED_SELECTOR = YES;
				GCC_WARN_UNINITIALIZED_AUTOS = YES_AGGRESSIVE;
				GCC_WARN_UNUSED_FUNCTION = YES;
				GCC_WARN_UNUSED_VARIABLE = YES;
				IPHONEOS_DEPLOYMENT_TARGET = 7.1;
				MTL_ENABLE_DEBUG_INFO = NO;
				SDKROOT = iphoneos;
				VALIDATE_PRODUCT = YES;
			};
			name = Release;
		};
		7A0F92E51A6273240046859E /* Debug */ = {
			isa = XCBuildConfiguration;
			buildSettings = {
				ASSETCATALOG_COMPILER_APPICON_NAME = AppIcon;
				INFOPLIST_FILE = ARNModalTransition/Info.plist;
				LD_RUNPATH_SEARCH_PATHS = "$(inherited) @executable_path/Frameworks";
				PRODUCT_NAME = "$(TARGET_NAME)";
			};
			name = Debug;
		};
		7A0F92E61A6273240046859E /* Release */ = {
			isa = XCBuildConfiguration;
			buildSettings = {
				ASSETCATALOG_COMPILER_APPICON_NAME = AppIcon;
				INFOPLIST_FILE = ARNModalTransition/Info.plist;
				LD_RUNPATH_SEARCH_PATHS = "$(inherited) @executable_path/Frameworks";
				PRODUCT_NAME = "$(TARGET_NAME)";
			};
			name = Release;
		};
		7A0F92E81A6273240046859E /* Debug */ = {
			isa = XCBuildConfiguration;
			buildSettings = {
				BUNDLE_LOADER = "$(TEST_HOST)";
				FRAMEWORK_SEARCH_PATHS = (
					"$(SDKROOT)/Developer/Library/Frameworks",
					"$(inherited)",
				);
				GCC_PREPROCESSOR_DEFINITIONS = (
					"DEBUG=1",
					"$(inherited)",
				);
				INFOPLIST_FILE = ARNModalTransitionTests/Info.plist;
				LD_RUNPATH_SEARCH_PATHS = "$(inherited) @executable_path/Frameworks @loader_path/Frameworks";
				PRODUCT_NAME = "$(TARGET_NAME)";
				TEST_HOST = "$(BUILT_PRODUCTS_DIR)/ARNModalTransition.app/ARNModalTransition";
			};
			name = Debug;
		};
		7A0F92E91A6273240046859E /* Release */ = {
			isa = XCBuildConfiguration;
			buildSettings = {
				BUNDLE_LOADER = "$(TEST_HOST)";
				FRAMEWORK_SEARCH_PATHS = (
					"$(SDKROOT)/Developer/Library/Frameworks",
					"$(inherited)",
				);
				INFOPLIST_FILE = ARNModalTransitionTests/Info.plist;
				LD_RUNPATH_SEARCH_PATHS = "$(inherited) @executable_path/Frameworks @loader_path/Frameworks";
				PRODUCT_NAME = "$(TARGET_NAME)";
				TEST_HOST = "$(BUILT_PRODUCTS_DIR)/ARNModalTransition.app/ARNModalTransition";
			};
			name = Release;
		};
/* End XCBuildConfiguration section */

/* Begin XCConfigurationList section */
		7A0F92C01A6273230046859E /* Build configuration list for PBXProject "ARNModalTransition" */ = {
			isa = XCConfigurationList;
			buildConfigurations = (
				7A0F92E21A6273240046859E /* Debug */,
				7A0F92E31A6273240046859E /* Release */,
			);
			defaultConfigurationIsVisible = 0;
			defaultConfigurationName = Release;
		};
		7A0F92E41A6273240046859E /* Build configuration list for PBXNativeTarget "ARNModalTransition" */ = {
			isa = XCConfigurationList;
			buildConfigurations = (
				7A0F92E51A6273240046859E /* Debug */,
				7A0F92E61A6273240046859E /* Release */,
			);
			defaultConfigurationIsVisible = 0;
			defaultConfigurationName = Release;
		};
		7A0F92E71A6273240046859E /* Build configuration list for PBXNativeTarget "ARNModalTransitionTests" */ = {
			isa = XCConfigurationList;
			buildConfigurations = (
				7A0F92E81A6273240046859E /* Debug */,
				7A0F92E91A6273240046859E /* Release */,
			);
			defaultConfigurationIsVisible = 0;
			defaultConfigurationName = Release;
		};
/* End XCConfigurationList section */
	};
	rootObject = 7A0F92BD1A6273230046859E /* Project object */;
}
